
Microsoft Visual Studio Solution File, Format Version 12.00
# Visual Studio Version 17
VisualStudioVersion = 17.4.33213.308
MinimumVisualStudioVersion = 10.0.40219.1
Project("{FAE04EC0-301F-11D3-BF4B-00C04F79EFBC}") = "WebApp", "WebApp\WebApp.csproj", "{9CCAE5F0-39CA-4B05-BD87-AB1AB6E73490}"
EndProject
Global
	GlobalSection(SolutionConfigurationPlatforms) = preSolution
		Debug|Any CPU = Debug|Any CPU
		Release|Any CPU = Release|Any CPU
	EndGlobalSection
	GlobalSection(ProjectConfigurationPlatforms) = postSolution
		{9CCAE5F0-39CA-4B05-BD87-AB1AB6E73490}.Debug|Any CPU.ActiveCfg = Debug|Any CPU
		{9CCAE5F0-39CA-4B05-BD87-AB1AB6E73490}.Debug|Any CPU.Build.0 = Debug|Any CPU
		{9CCAE5F0-39CA-4B05-BD87-AB1AB6E73490}.Release|Any CPU.ActiveCfg = Release|Any CPU
		{9CCAE5F0-39CA-4B05-BD87-AB1AB6E73490}.Release|Any CPU.Build.0 = Release|Any CPU
	EndGlobalSection
	GlobalSection(SolutionProperties) = preSolution
		HideSolutionNode = FALSE
	EndGlobalSection
	GlobalSection(ExtensibilityGlobals) = postSolution
		SolutionGuid = {E843E5C5-D8F0-43BD-A74B-5BC6703A57DB}
	EndGlobalSection
EndGlobal
